// !$*UTF8*$!
{
	archiveVersion = 1;
	classes = {
	};
	objectVersion = 50;
	objects = {

/* Begin PBXBuildFile section */
		93562D5E22243BC700502A14 /* AppDelegate.swift in Sources */ = {isa = PBXBuildFile; fileRef = 93562D5D22243BC700502A14 /* AppDelegate.swift */; };
		93562D6022243BC700502A14 /* ViewController.swift in Sources */ = {isa = PBXBuildFile; fileRef = 93562D5F22243BC700502A14 /* ViewController.swift */; };
		93562D6322243BC700502A14 /* Main.storyboard in Resources */ = {isa = PBXBuildFile; fileRef = 93562D6122243BC700502A14 /* Main.storyboard */; };
		93562D6522243BC900502A14 /* Assets.xcassets in Resources */ = {isa = PBXBuildFile; fileRef = 93562D6422243BC900502A14 /* Assets.xcassets */; };
		93562D6822243BC900502A14 /* LaunchScreen.storyboard in Resources */ = {isa = PBXBuildFile; fileRef = 93562D6622243BC900502A14 /* LaunchScreen.storyboard */; };
		93562D7322243BC900502A14 /* SavingStuffTests.swift in Sources */ = {isa = PBXBuildFile; fileRef = 93562D7222243BC900502A14 /* SavingStuffTests.swift */; };
		93562D7E22243BC900502A14 /* SavingStuffUITests.swift in Sources */ = {isa = PBXBuildFile; fileRef = 93562D7D22243BC900502A14 /* SavingStuffUITests.swift */; };
		93562D8C222440F700502A14 /* Address.swift in Sources */ = {isa = PBXBuildFile; fileRef = 93562D8B222440F700502A14 /* Address.swift */; };
/* End PBXBuildFile section */

/* Begin PBXContainerItemProxy section */
		93562D6F22243BC900502A14 /* PBXContainerItemProxy */ = {
			isa = PBXContainerItemProxy;
			containerPortal = 93562D5222243BC700502A14 /* Project object */;
			proxyType = 1;
			remoteGlobalIDString = 93562D5922243BC700502A14;
			remoteInfo = SavingStuff;
		};
		93562D7A22243BC900502A14 /* PBXContainerItemProxy */ = {
			isa = PBXContainerItemProxy;
			containerPortal = 93562D5222243BC700502A14 /* Project object */;
			proxyType = 1;
			remoteGlobalIDString = 93562D5922243BC700502A14;
			remoteInfo = SavingStuff;
		};
/* End PBXContainerItemProxy section */

/* Begin PBXFileReference section */
		93562D5A22243BC700502A14 /* SavingStuff.app */ = {isa = PBXFileReference; explicitFileType = wrapper.application; includeInIndex = 0; path = SavingStuff.app; sourceTree = BUILT_PRODUCTS_DIR; };
		93562D5D22243BC700502A14 /* AppDelegate.swift */ = {isa = PBXFileReference; lastKnownFileType = sourcecode.swift; path = AppDelegate.swift; sourceTree = "<group>"; };
		93562D5F22243BC700502A14 /* ViewController.swift */ = {isa = PBXFileReference; lastKnownFileType = sourcecode.swift; path = ViewController.swift; sourceTree = "<group>"; };
		93562D6222243BC700502A14 /* Base */ = {isa = PBXFileReference; lastKnownFileType = file.storyboard; name = Base; path = Base.lproj/Main.storyboard; sourceTree = "<group>"; };
		93562D6422243BC900502A14 /* Assets.xcassets */ = {isa = PBXFileReference; lastKnownFileType = folder.assetcatalog; path = Assets.xcassets; sourceTree = "<group>"; };
		93562D6722243BC900502A14 /* Base */ = {isa = PBXFileReference; lastKnownFileType = file.storyboard; name = Base; path = Base.lproj/LaunchScreen.storyboard; sourceTree = "<group>"; };
		93562D6922243BC900502A14 /* Info.plist */ = {isa = PBXFileReference; lastKnownFileType = text.plist.xml; path = Info.plist; sourceTree = "<group>"; };
		93562D6E22243BC900502A14 /* SavingStuffTests.xctest */ = {isa = PBXFileReference; explicitFileType = wrapper.cfbundle; includeInIndex = 0; path = SavingStuffTests.xctest; sourceTree = BUILT_PRODUCTS_DIR; };
		93562D7222243BC900502A14 /* SavingStuffTests.swift */ = {isa = PBXFileReference; lastKnownFileType = sourcecode.swift; path = SavingStuffTests.swift; sourceTree = "<group>"; };
		93562D7422243BC900502A14 /* Info.plist */ = {isa = PBXFileReference; lastKnownFileType = text.plist.xml; path = Info.plist; sourceTree = "<group>"; };
		93562D7922243BC900502A14 /* SavingStuffUITests.xctest */ = {isa = PBXFileReference; explicitFileType = wrapper.cfbundle; includeInIndex = 0; path = SavingStuffUITests.xctest; sourceTree = BUILT_PRODUCTS_DIR; };
		93562D7D22243BC900502A14 /* SavingStuffUITests.swift */ = {isa = PBXFileReference; lastKnownFileType = sourcecode.swift; path = SavingStuffUITests.swift; sourceTree = "<group>"; };
		93562D7F22243BC900502A14 /* Info.plist */ = {isa = PBXFileReference; lastKnownFileType = text.plist.xml; path = Info.plist; sourceTree = "<group>"; };
		93562D8B222440F700502A14 /* Address.swift */ = {isa = PBXFileReference; lastKnownFileType = sourcecode.swift; path = Address.swift; sourceTree = "<group>"; };
/* End PBXFileReference section */

/* Begin PBXFrameworksBuildPhase section */
		93562D5722243BC700502A14 /* Frameworks */ = {
			isa = PBXFrameworksBuildPhase;
			buildActionMask = 2147483647;
			files = (
			);
			runOnlyForDeploymentPostprocessing = 0;
		};
		93562D6B22243BC900502A14 /* Frameworks */ = {
			isa = PBXFrameworksBuildPhase;
			buildActionMask = 2147483647;
			files = (
			);
			runOnlyForDeploymentPostprocessing = 0;
		};
		93562D7622243BC900502A14 /* Frameworks */ = {
			isa = PBXFrameworksBuildPhase;
			buildActionMask = 2147483647;
			files = (
			);
			runOnlyForDeploymentPostprocessing = 0;
		};
/* End PBXFrameworksBuildPhase section */

/* Begin PBXGroup section */
		93562D5122243BC700502A14 = {
			isa = PBXGroup;
			children = (
				93562D5C22243BC700502A14 /* SavingStuff */,
				93562D7122243BC900502A14 /* SavingStuffTests */,
				93562D7C22243BC900502A14 /* SavingStuffUITests */,
				93562D5B22243BC700502A14 /* Products */,
			);
			sourceTree = "<group>";
		};
		93562D5B22243BC700502A14 /* Products */ = {
			isa = PBXGroup;
			children = (
				93562D5A22243BC700502A14 /* SavingStuff.app */,
				93562D6E22243BC900502A14 /* SavingStuffTests.xctest */,
				93562D7922243BC900502A14 /* SavingStuffUITests.xctest */,
			);
			name = Products;
			sourceTree = "<group>";
		};
		93562D5C22243BC700502A14 /* SavingStuff */ = {
			isa = PBXGroup;
			children = (
				93562D5D22243BC700502A14 /* AppDelegate.swift */,
				93562D5F22243BC700502A14 /* ViewController.swift */,
				93562D6122243BC700502A14 /* Main.storyboard */,
				93562D6422243BC900502A14 /* Assets.xcassets */,
				93562D6622243BC900502A14 /* LaunchScreen.storyboard */,
				93562D6922243BC900502A14 /* Info.plist */,
				93562D8B222440F700502A14 /* Address.swift */,
			);
			path = SavingStuff;
			sourceTree = "<group>";
		};
		93562D7122243BC900502A14 /* SavingStuffTests */ = {
			isa = PBXGroup;
			children = (
				93562D7222243BC900502A14 /* SavingStuffTests.swift */,
				93562D7422243BC900502A14 /* Info.plist */,
			);
			path = SavingStuffTests;
			sourceTree = "<group>";
		};
		93562D7C22243BC900502A14 /* SavingStuffUITests */ = {
			isa = PBXGroup;
			children = (
				93562D7D22243BC900502A14 /* SavingStuffUITests.swift */,
				93562D7F22243BC900502A14 /* Info.plist */,
			);
			path = SavingStuffUITests;
			sourceTree = "<group>";
		};
/* End PBXGroup section */

/* Begin PBXNativeTarget section */
		93562D5922243BC700502A14 /* SavingStuff */ = {
			isa = PBXNativeTarget;
			buildConfigurationList = 93562D8222243BC900502A14 /* Build configuration list for PBXNativeTarget "SavingStuff" */;
			buildPhases = (
				93562D5622243BC700502A14 /* Sources */,
				93562D5722243BC700502A14 /* Frameworks */,
				93562D5822243BC700502A14 /* Resources */,
			);
			buildRules = (
			);
			dependencies = (
			);
			name = SavingStuff;
			productName = SavingStuff;
			productReference = 93562D5A22243BC700502A14 /* SavingStuff.app */;
			productType = "com.apple.product-type.application";
		};
		93562D6D22243BC900502A14 /* SavingStuffTests */ = {
			isa = PBXNativeTarget;
			buildConfigurationList = 93562D8522243BC900502A14 /* Build configuration list for PBXNativeTarget "SavingStuffTests" */;
			buildPhases = (
				93562D6A22243BC900502A14 /* Sources */,
				93562D6B22243BC900502A14 /* Frameworks */,
				93562D6C22243BC900502A14 /* Resources */,
			);
			buildRules = (
			);
			dependencies = (
				93562D7022243BC900502A14 /* PBXTargetDependency */,
			);
			name = SavingStuffTests;
			productName = SavingStuffTests;
			productReference = 93562D6E22243BC900502A14 /* SavingStuffTests.xctest */;
			productType = "com.apple.product-type.bundle.unit-test";
		};
		93562D7822243BC900502A14 /* SavingStuffUITests */ = {
			isa = PBXNativeTarget;
			buildConfigurationList = 93562D8822243BC900502A14 /* Build configuration list for PBXNativeTarget "SavingStuffUITests" */;
			buildPhases = (
				93562D7522243BC900502A14 /* Sources */,
				93562D7622243BC900502A14 /* Frameworks */,
				93562D7722243BC900502A14 /* Resources */,
			);
			buildRules = (
			);
			dependencies = (
				93562D7B22243BC900502A14 /* PBXTargetDependency */,
			);
			name = SavingStuffUITests;
			productName = SavingStuffUITests;
			productReference = 93562D7922243BC900502A14 /* SavingStuffUITests.xctest */;
			productType = "com.apple.product-type.bundle.ui-testing";
		};
/* End PBXNativeTarget section */

/* Begin PBXProject section */
		93562D5222243BC700502A14 /* Project object */ = {
			isa = PBXProject;
			attributes = {
				LastSwiftUpdateCheck = 1010;
				LastUpgradeCheck = 1010;
				ORGANIZATIONNAME = Aaron;
				TargetAttributes = {
					93562D5922243BC700502A14 = {
						CreatedOnToolsVersion = 10.1;
					};
					93562D6D22243BC900502A14 = {
						CreatedOnToolsVersion = 10.1;
						TestTargetID = 93562D5922243BC700502A14;
					};
					93562D7822243BC900502A14 = {
						CreatedOnToolsVersion = 10.1;
						TestTargetID = 93562D5922243BC700502A14;
					};
				};
			};
			buildConfigurationList = 93562D5522243BC700502A14 /* Build configuration list for PBXProject "SavingStuff" */;
			compatibilityVersion = "Xcode 9.3";
			developmentRegion = en;
			hasScannedForEncodings = 0;
			knownRegions = (
				en,
				Base,
			);
			mainGroup = 93562D5122243BC700502A14;
			productRefGroup = 93562D5B22243BC700502A14 /* Products */;
			projectDirPath = "";
			projectRoot = "";
			targets = (
				93562D5922243BC700502A14 /* SavingStuff */,
				93562D6D22243BC900502A14 /* SavingStuffTests */,
				93562D7822243BC900502A14 /* SavingStuffUITests */,
			);
		};
/* End PBXProject section */

/* Begin PBXResourcesBuildPhase section */
		93562D5822243BC700502A14 /* Resources */ = {
			isa = PBXResourcesBuildPhase;
			buildActionMask = 2147483647;
			files = (
				93562D6822243BC900502A14 /* LaunchScreen.storyboard in Resources */,
				93562D6522243BC900502A14 /* Assets.xcassets in Resources */,
				93562D6322243BC700502A14 /* Main.storyboard in Resources */,
			);
			runOnlyForDeploymentPostprocessing = 0;
		};
		93562D6C22243BC900502A14 /* Resources */ = {
			isa = PBXResourcesBuildPhase;
			buildActionMask = 2147483647;
			files = (
			);
			runOnlyForDeploymentPostprocessing = 0;
		};
		93562D7722243BC900502A14 /* Resources */ = {
			isa = PBXResourcesBuildPhase;
			buildActionMask = 2147483647;
			files = (
			);
			runOnlyForDeploymentPostprocessing = 0;
		};
/* End PBXResourcesBuildPhase section */

/* Begin PBXSourcesBuildPhase section */
		93562D5622243BC700502A14 /* Sources */ = {
			isa = PBXSourcesBuildPhase;
			buildActionMask = 2147483647;
			files = (
				93562D8C222440F700502A14 /* Address.swift in Sources */,
				93562D6022243BC700502A14 /* ViewController.swift in Sources */,
				93562D5E22243BC700502A14 /* AppDelegate.swift in Sources */,
			);
			runOnlyForDeploymentPostprocessing = 0;
		};
		93562D6A22243BC900502A14 /* Sources */ = {
			isa = PBXSourcesBuildPhase;
			buildActionMask = 2147483647;
			files = (
				93562D7322243BC900502A14 /* SavingStuffTests.swift in Sources */,
			);
			runOnlyForDeploymentPostprocessing = 0;
		};
		93562D7522243BC900502A14 /* Sources */ = {
			isa = PBXSourcesBuildPhase;
			buildActionMask = 2147483647;
			files = (
				93562D7E22243BC900502A14 /* SavingStuffUITests.swift in Sources */,
			);
			runOnlyForDeploymentPostprocessing = 0;
		};
/* End PBXSourcesBuildPhase section */

/* Begin PBXTargetDependency section */
		93562D7022243BC900502A14 /* PBXTargetDependency */ = {
			isa = PBXTargetDependency;
			target = 93562D5922243BC700502A14 /* SavingStuff */;
			targetProxy = 93562D6F22243BC900502A14 /* PBXContainerItemProxy */;
		};
		93562D7B22243BC900502A14 /* PBXTargetDependency */ = {
			isa = PBXTargetDependency;
			target = 93562D5922243BC700502A14 /* SavingStuff */;
			targetProxy = 93562D7A22243BC900502A14 /* PBXContainerItemProxy */;
		};
/* End PBXTargetDependency section */

/* Begin PBXVariantGroup section */
		93562D6122243BC700502A14 /* Main.storyboard */ = {
			isa = PBXVariantGroup;
			children = (
				93562D6222243BC700502A14 /* Base */,
			);
			name = Main.storyboard;
			sourceTree = "<group>";
		};
		93562D6622243BC900502A14 /* LaunchScreen.storyboard */ = {
			isa = PBXVariantGroup;
			children = (
				93562D6722243BC900502A14 /* Base */,
			);
			name = LaunchScreen.storyboard;
			sourceTree = "<group>";
		};
/* End PBXVariantGroup section */

/* Begin XCBuildConfiguration section */
		93562D8022243BC900502A14 /* Debug */ = {
			isa = XCBuildConfiguration;
			buildSettings = {
				ALWAYS_SEARCH_USER_PATHS = NO;
				CLANG_ANALYZER_NONNULL = YES;
				CLANG_ANALYZER_NUMBER_OBJECT_CONVERSION = YES_AGGRESSIVE;
				CLANG_CXX_LANGUAGE_STANDARD = "gnu++14";
				CLANG_CXX_LIBRARY = "libc++";
				CLANG_ENABLE_MODULES = YES;
				CLANG_ENABLE_OBJC_ARC = YES;
				CLANG_ENABLE_OBJC_WEAK = YES;
				CLANG_WARN_BLOCK_CAPTURE_AUTORELEASING = YES;
				CLANG_WARN_BOOL_CONVERSION = YES;
				CLANG_WARN_COMMA = YES;
				CLANG_WARN_CONSTANT_CONVERSION = YES;
				CLANG_WARN_DEPRECATED_OBJC_IMPLEMENTATIONS = YES;
				CLANG_WARN_DIRECT_OBJC_ISA_USAGE = YES_ERROR;
				CLANG_WARN_DOCUMENTATION_COMMENTS = YES;
				CLANG_WARN_EMPTY_BODY = YES;
				CLANG_WARN_ENUM_CONVERSION = YES;
				CLANG_WARN_INFINITE_RECURSION = YES;
				CLANG_WARN_INT_CONVERSION = YES;
				CLANG_WARN_NON_LITERAL_NULL_CONVERSION = YES;
				CLANG_WARN_OBJC_IMPLICIT_RETAIN_SELF = YES;
				CLANG_WARN_OBJC_LITERAL_CONVERSION = YES;
				CLANG_WARN_OBJC_ROOT_CLASS = YES_ERROR;
				CLANG_WARN_RANGE_LOOP_ANALYSIS = YES;
				CLANG_WARN_STRICT_PROTOTYPES = YES;
				CLANG_WARN_SUSPICIOUS_MOVE = YES;
				CLANG_WARN_UNGUARDED_AVAILABILITY = YES_AGGRESSIVE;
				CLANG_WARN_UNREACHABLE_CODE = YES;
				CLANG_WARN__DUPLICATE_METHOD_MATCH = YES;
				CODE_SIGN_IDENTITY = "iPhone Developer";
				COPY_PHASE_STRIP = NO;
				DEBUG_INFORMATION_FORMAT = dwarf;
				ENABLE_STRICT_OBJC_MSGSEND = YES;
				ENABLE_TESTABILITY = YES;
				GCC_C_LANGUAGE_STANDARD = gnu11;
				GCC_DYNAMIC_NO_PIC = NO;
				GCC_NO_COMMON_BLOCKS = YES;
				GCC_OPTIMIZATION_LEVEL = 0;
				GCC_PREPROCESSOR_DEFINITIONS = (
					"DEBUG=1",
					"$(inherited)",
				);
				GCC_WARN_64_TO_32_BIT_CONVERSION = YES;
				GCC_WARN_ABOUT_RETURN_TYPE = YES_ERROR;
				GCC_WARN_UNDECLARED_SELECTOR = YES;
				GCC_WARN_UNINITIALIZED_AUTOS = YES_AGGRESSIVE;
				GCC_WARN_UNUSED_FUNCTION = YES;
				GCC_WARN_UNUSED_VARIABLE = YES;
				IPHONEOS_DEPLOYMENT_TARGET = 12.1;
				MTL_ENABLE_DEBUG_INFO = INCLUDE_SOURCE;
				MTL_FAST_MATH = YES;
				ONLY_ACTIVE_ARCH = YES;
				SDKROOT = iphoneos;
				SWIFT_ACTIVE_COMPILATION_CONDITIONS = DEBUG;
				SWIFT_OPTIMIZATION_LEVEL = "-Onone";
			};
			name = Debug;
		};
		93562D8122243BC900502A14 /* Release */ = {
			isa = XCBuildConfiguration;
			buildSettings = {
				ALWAYS_SEARCH_USER_PATHS = NO;
				CLANG_ANALYZER_NONNULL = YES;
				CLANG_ANALYZER_NUMBER_OBJECT_CONVERSION = YES_AGGRESSIVE;
				CLANG_CXX_LANGUAGE_STANDARD = "gnu++14";
				CLANG_CXX_LIBRARY = "libc++";
				CLANG_ENABLE_MODULES = YES;
				CLANG_ENABLE_OBJC_ARC = YES;
				CLANG_ENABLE_OBJC_WEAK = YES;
				CLANG_WARN_BLOCK_CAPTURE_AUTORELEASING = YES;
				CLANG_WARN_BOOL_CONVERSION = YES;
				CLANG_WARN_COMMA = YES;
				CLANG_WARN_CONSTANT_CONVERSION = YES;
				CLANG_WARN_DEPRECATED_OBJC_IMPLEMENTATIONS = YES;
				CLANG_WARN_DIRECT_OBJC_ISA_USAGE = YES_ERROR;
				CLANG_WARN_DOCUMENTATION_COMMENTS = YES;
				CLANG_WARN_EMPTY_BODY = YES;
				CLANG_WARN_ENUM_CONVERSION = YES;
				CLANG_WARN_INFINITE_RECURSION = YES;
				CLANG_WARN_INT_CONVERSION = YES;
				CLANG_WARN_NON_LITERAL_NULL_CONVERSION = YES;
				CLANG_WARN_OBJC_IMPLICIT_RETAIN_SELF = YES;
				CLANG_WARN_OBJC_LITERAL_CONVERSION = YES;
				CLANG_WARN_OBJC_ROOT_CLASS = YES_ERROR;
				CLANG_WARN_RANGE_LOOP_ANALYSIS = YES;
				CLANG_WARN_STRICT_PROTOTYPES = YES;
				CLANG_WARN_SUSPICIOUS_MOVE = YES;
				CLANG_WARN_UNGUARDED_AVAILABILITY = YES_AGGRESSIVE;
				CLANG_WARN_UNREACHABLE_CODE = YES;
				CLANG_WARN__DUPLICATE_METHOD_MATCH = YES;
				CODE_SIGN_IDENTITY = "iPhone Developer";
				COPY_PHASE_STRIP = NO;
				DEBUG_INFORMATION_FORMAT = "dwarf-with-dsym";
				ENABLE_NS_ASSERTIONS = NO;
				ENABLE_STRICT_OBJC_MSGSEND = YES;
				GCC_C_LANGUAGE_STANDARD = gnu11;
				GCC_NO_COMMON_BLOCKS = YES;
				GCC_WARN_64_TO_32_BIT_CONVERSION = YES;
				GCC_WARN_ABOUT_RETURN_TYPE = YES_ERROR;
				GCC_WARN_UNDECLARED_SELECTOR = YES;
				GCC_WARN_UNINITIALIZED_AUTOS = YES_AGGRESSIVE;
				GCC_WARN_UNUSED_FUNCTION = YES;
				GCC_WARN_UNUSED_VARIABLE = YES;
				IPHONEOS_DEPLOYMENT_TARGET = 12.1;
				MTL_ENABLE_DEBUG_INFO = NO;
				MTL_FAST_MATH = YES;
				SDKROOT = iphoneos;
				SWIFT_COMPILATION_MODE = wholemodule;
				SWIFT_OPTIMIZATION_LEVEL = "-O";
				VALIDATE_PRODUCT = YES;
			};
			name = Release;
		};
		93562D8322243BC900502A14 /* Debug */ = {
			isa = XCBuildConfiguration;
			buildSettings = {
				ASSETCATALOG_COMPILER_APPICON_NAME = AppIcon;
				CODE_SIGN_STYLE = Automatic;
				INFOPLIST_FILE = SavingStuff/Info.plist;
				LD_RUNPATH_SEARCH_PATHS = (
					"$(inherited)",
					"@executable_path/Frameworks",
				);
				PRODUCT_BUNDLE_IDENTIFIER = com.aaron.SavingStuff;
				PRODUCT_NAME = "$(TARGET_NAME)";
				SWIFT_VERSION = 4.2;
				TARGETED_DEVICE_FAMILY = "1,2";
			};
			name = Debug;
		};
		93562D8422243BC900502A14 /* Release */ = {
			isa = XCBuildConfiguration;
			buildSettings = {
				ASSETCATALOG_COMPILER_APPICON_NAME = AppIcon;
				CODE_SIGN_STYLE = Automatic;
				INFOPLIST_FILE = SavingStuff/Info.plist;
				LD_RUNPATH_SEARCH_PATHS = (
					"$(inherited)",
					"@executable_path/Frameworks",
				);
				PRODUCT_BUNDLE_IDENTIFIER = com.aaron.SavingStuff;
				PRODUCT_NAME = "$(TARGET_NAME)";
				SWIFT_VERSION = 4.2;
				TARGETED_DEVICE_FAMILY = "1,2";
			};
			name = Release;
		};
		93562D8622243BC900502A14 /* Debug */ = {
			isa = XCBuildConfiguration;
			buildSettings = {
				ALWAYS_EMBED_SWIFT_STANDARD_LIBRARIES = YES;
				BUNDLE_LOADER = "$(TEST_HOST)";
				CODE_SIGN_STYLE = Automatic;
				INFOPLIST_FILE = SavingStuffTests/Info.plist;
				LD_RUNPATH_SEARCH_PATHS = (
					"$(inherited)",
					"@executable_path/Frameworks",
					"@loader_path/Frameworks",
				);
				PRODUCT_BUNDLE_IDENTIFIER = com.aaron.SavingStuffTests;
				PRODUCT_NAME = "$(TARGET_NAME)";
				SWIFT_VERSION = 4.2;
				TARGETED_DEVICE_FAMILY = "1,2";
				TEST_HOST = "$(BUILT_PRODUCTS_DIR)/SavingStuff.app/SavingStuff";
			};
			name = Debug;
		};
		93562D8722243BC900502A14 /* Release */ = {
			isa = XCBuildConfiguration;
			buildSettings = {
				ALWAYS_EMBED_SWIFT_STANDARD_LIBRARIES = YES;
				BUNDLE_LOADER = "$(TEST_HOST)";
				CODE_SIGN_STYLE = Automatic;
				INFOPLIST_FILE = SavingStuffTests/Info.plist;
				LD_RUNPATH_SEARCH_PATHS = (
					"$(inherited)",
					"@executable_path/Frameworks",
					"@loader_path/Frameworks",
				);
				PRODUCT_BUNDLE_IDENTIFIER = com.aaron.SavingStuffTests;
				PRODUCT_NAME = "$(TARGET_NAME)";
				SWIFT_VERSION = 4.2;
				TARGETED_DEVICE_FAMILY = "1,2";
				TEST_HOST = "$(BUILT_PRODUCTS_DIR)/SavingStuff.app/SavingStuff";
			};
			name = Release;
		};
		93562D8922243BC900502A14 /* Debug */ = {
			isa = XCBuildConfiguration;
			buildSettings = {
				ALWAYS_EMBED_SWIFT_STANDARD_LIBRARIES = YES;
				CODE_SIGN_STYLE = Automatic;
				INFOPLIST_FILE = SavingStuffUITests/Info.plist;
				LD_RUNPATH_SEARCH_PATHS = (
					"$(inherited)",
					"@executable_path/Frameworks",
					"@loader_path/Frameworks",
				);
				PRODUCT_BUNDLE_IDENTIFIER = com.aaron.SavingStuffUITests;
				PRODUCT_NAME = "$(TARGET_NAME)";
				SWIFT_VERSION = 4.2;
				TARGETED_DEVICE_FAMILY = "1,2";
				TEST_TARGET_NAME = SavingStuff;
			};
			name = Debug;
		};
		93562D8A22243BC900502A14 /* Release */ = {
			isa = XCBuildConfiguration;
			buildSettings = {
				ALWAYS_EMBED_SWIFT_STANDARD_LIBRARIES = YES;
				CODE_SIGN_STYLE = Automatic;
				INFOPLIST_FILE = SavingStuffUITests/Info.plist;
				LD_RUNPATH_SEARCH_PATHS = (
					"$(inherited)",
					"@executable_path/Frameworks",
					"@loader_path/Frameworks",
				);
				PRODUCT_BUNDLE_IDENTIFIER = com.aaron.SavingStuffUITests;
				PRODUCT_NAME = "$(TARGET_NAME)";
				SWIFT_VERSION = 4.2;
				TARGETED_DEVICE_FAMILY = "1,2";
				TEST_TARGET_NAME = SavingStuff;
			};
			name = Release;
		};
/* End XCBuildConfiguration section */

/* Begin XCConfigurationList section */
		93562D5522243BC700502A14 /* Build configuration list for PBXProject "SavingStuff" */ = {
			isa = XCConfigurationList;
			buildConfigurations = (
				93562D8022243BC900502A14 /* Debug */,
				93562D8122243BC900502A14 /* Release */,
			);
			defaultConfigurationIsVisible = 0;
			defaultConfigurationName = Release;
		};
		93562D8222243BC900502A14 /* Build configuration list for PBXNativeTarget "SavingStuff" */ = {
			isa = XCConfigurationList;
			buildConfigurations = (
				93562D8322243BC900502A14 /* Debug */,
				93562D8422243BC900502A14 /* Release */,
			);
			defaultConfigurationIsVisible = 0;
			defaultConfigurationName = Release;
		};
		93562D8522243BC900502A14 /* Build configuration list for PBXNativeTarget "SavingStuffTests" */ = {
			isa = XCConfigurationList;
			buildConfigurations = (
				93562D8622243BC900502A14 /* Debug */,
				93562D8722243BC900502A14 /* Release */,
			);
			defaultConfigurationIsVisible = 0;
			defaultConfigurationName = Release;
		};
		93562D8822243BC900502A14 /* Build configuration list for PBXNativeTarget "SavingStuffUITests" */ = {
			isa = XCConfigurationList;
			buildConfigurations = (
				93562D8922243BC900502A14 /* Debug */,
				93562D8A22243BC900502A14 /* Release */,
			);
			defaultConfigurationIsVisible = 0;
			defaultConfigurationName = Release;
		};
/* End XCConfigurationList section */
	};
	rootObject = 93562D5222243BC700502A14 /* Project object */;
}
